
Microsoft Visual Studio Solution File, Format Version 12.00
# Visual Studio 15
VisualStudioVersion = 15.0.27428.2037
MinimumVisualStudioVersion = 10.0.40219.1
Project("{FAE04EC0-301F-11D3-BF4B-00C04F79EFBC}") = "TicTacToe", "ticTacToe\TicTacToe.csproj", "{A5E12300-D856-4D4C-B262-61E84A4C76BA}"
EndProject
Global
	GlobalSection(SolutionConfigurationPlatforms) = preSolution
		Debug|Any CPU = Debug|Any CPU
		Release|Any CPU = Release|Any CPU
	EndGlobalSection
	GlobalSection(ProjectConfigurationPlatforms) = postSolution
		{A5E12300-D856-4D4C-B262-61E84A4C76BA}.Debug|Any CPU.ActiveCfg = Debug|Any CPU
		{A5E12300-D856-4D4C-B262-61E84A4C76BA}.Debug|Any CPU.Build.0 = Debug|Any CPU
		{A5E12300-D856-4D4C-B262-61E84A4C76BA}.Release|Any CPU.ActiveCfg = Release|Any CPU
		{A5E12300-D856-4D4C-B262-61E84A4C76BA}.Release|Any CPU.Build.0 = Release|Any CPU
	EndGlobalSection
	GlobalSection(SolutionProperties) = preSolution
		HideSolutionNode = FALSE
	EndGlobalSection
	GlobalSection(ExtensibilityGlobals) = postSolution
		SolutionGuid = {58A7C462-FB22-409C-80C8-D2A7B4AB3E3E}
	EndGlobalSection
EndGlobal
